
Microsoft Visual Studio Solution File, Format Version 12.00
# Visual Studio Version 16
VisualStudioVersion = 16.0.31129.286
MinimumVisualStudioVersion = 10.0.40219.1
Project("{9A19103F-16F7-4668-BE54-9A1E7A4F7556}") = "time_waitting", "time_waitting\time_waitting.csproj", "{AD70CB93-6AFA-49AA-9C8D-CAAC22F688C9}"
EndProject
Global
	GlobalSection(SolutionConfigurationPlatforms) = preSolution
		Debug|Any CPU = Debug|Any CPU
		Release|Any CPU = Release|Any CPU
	EndGlobalSection
	GlobalSection(ProjectConfigurationPlatforms) = postSolution
		{AD70CB93-6AFA-49AA-9C8D-CAAC22F688C9}.Debug|Any CPU.ActiveCfg = Debug|Any CPU
		{AD70CB93-6AFA-49AA-9C8D-CAAC22F688C9}.Debug|Any CPU.Build.0 = Debug|Any CPU
		{AD70CB93-6AFA-49AA-9C8D-CAAC22F688C9}.Release|Any CPU.ActiveCfg = Release|Any CPU
		{AD70CB93-6AFA-49AA-9C8D-CAAC22F688C9}.Release|Any CPU.Build.0 = Release|Any CPU
	EndGlobalSection
	GlobalSection(SolutionProperties) = preSolution
		HideSolutionNode = FALSE
	EndGlobalSection
	GlobalSection(ExtensibilityGlobals) = postSolution
		SolutionGuid = {66BA18CB-99E1-4C9C-A053-D0497156226A}
	EndGlobalSection
EndGlobal
